// !$*UTF8*$!
{
	archiveVersion = 1;
	classes = {
	};
	objectVersion = 50;
	objects = {

/* Begin PBXBuildFile section */
		D728A93C23BA6B5300E841AC /* Memory.cpp in Sources */ = {isa = PBXBuildFile; fileRef = D728A93B23BA6B5300E841AC /* Memory.cpp */; };
		D745D10323CDCE2A003B3707 /* GScreen.cpp in Sources */ = {isa = PBXBuildFile; fileRef = D745D10123CDCE2A003B3707 /* GScreen.cpp */; };
		D760F93623BF9339006B98BB /* Instruction.cpp in Sources */ = {isa = PBXBuildFile; fileRef = D760F93523BF9339006B98BB /* Instruction.cpp */; };
		D764B39C23B9239A003BC78E /* main.cpp in Sources */ = {isa = PBXBuildFile; fileRef = D764B39B23B9239A003BC78E /* main.cpp */; };
		D764B3A423B923D6003BC78E /* Reg.cpp in Sources */ = {isa = PBXBuildFile; fileRef = D764B3A223B923D6003BC78E /* Reg.cpp */; };
		D764B3A723BA0CE5003BC78E /* Cpu.cpp in Sources */ = {isa = PBXBuildFile; fileRef = D764B3A623BA0CE5003BC78E /* Cpu.cpp */; };
		D764B3A923BA4516003BC78E /* DoubleReg.cpp in Sources */ = {isa = PBXBuildFile; fileRef = D764B3A823BA4516003BC78E /* DoubleReg.cpp */; };
		D774193923CCCB8F0083B567 /* Screen.cpp in Sources */ = {isa = PBXBuildFile; fileRef = D774193823CCCB8F0083B567 /* Screen.cpp */; };
		D7B0690E23C503F8005EA547 /* exec_gate.cpp in Sources */ = {isa = PBXBuildFile; fileRef = D7B0690D23C503F8005EA547 /* exec_gate.cpp */; };
		D7B0691023C5DE8E005EA547 /* istr_gate.cpp in Sources */ = {isa = PBXBuildFile; fileRef = D7B0690F23C5DE8E005EA547 /* istr_gate.cpp */; };
		D7E5258723CDFB0000156255 /* SDL2.framework in Frameworks */ = {isa = PBXBuildFile; fileRef = D7E5258623CDFB0000156255 /* SDL2.framework */; };
/* End PBXBuildFile section */

/* Begin PBXCopyFilesBuildPhase section */
		D764B39623B9239A003BC78E /* CopyFiles */ = {
			isa = PBXCopyFilesBuildPhase;
			buildActionMask = 2147483647;
			dstPath = /usr/share/man/man1/;
			dstSubfolderSpec = 0;
			files = (
			);
			runOnlyForDeploymentPostprocessing = 1;
		};
		D7D904FF23CDE299003D831A /* Embed Frameworks */ = {
			isa = PBXCopyFilesBuildPhase;
			buildActionMask = 2147483647;
			dstPath = "";
			dstSubfolderSpec = 10;
			files = (
			);
			name = "Embed Frameworks";
			runOnlyForDeploymentPostprocessing = 0;
		};
/* End PBXCopyFilesBuildPhase section */

/* Begin PBXFileReference section */
		D728A93B23BA6B5300E841AC /* Memory.cpp */ = {isa = PBXFileReference; lastKnownFileType = sourcecode.cpp.cpp; path = Memory.cpp; sourceTree = "<group>"; };
		D745D0FB23CDC604003B3707 /* README.md */ = {isa = PBXFileReference; lastKnownFileType = net.daringfireball.markdown; path = README.md; sourceTree = SOURCE_ROOT; };
		D745D10123CDCE2A003B3707 /* GScreen.cpp */ = {isa = PBXFileReference; lastKnownFileType = sourcecode.cpp.cpp; path = GScreen.cpp; sourceTree = "<group>"; };
		D745D10223CDCE2A003B3707 /* GScreen.hpp */ = {isa = PBXFileReference; lastKnownFileType = sourcecode.cpp.h; path = GScreen.hpp; sourceTree = "<group>"; };
		D760F93523BF9339006B98BB /* Instruction.cpp */ = {isa = PBXFileReference; lastKnownFileType = sourcecode.cpp.cpp; path = Instruction.cpp; sourceTree = "<group>"; };
		D764B39823B9239A003BC78E /* chip9 */ = {isa = PBXFileReference; explicitFileType = "compiled.mach-o.executable"; includeInIndex = 0; path = chip9; sourceTree = BUILT_PRODUCTS_DIR; };
		D764B39B23B9239A003BC78E /* main.cpp */ = {isa = PBXFileReference; lastKnownFileType = sourcecode.cpp.cpp; path = main.cpp; sourceTree = "<group>"; };
		D764B3A223B923D6003BC78E /* Reg.cpp */ = {isa = PBXFileReference; lastKnownFileType = sourcecode.cpp.cpp; path = Reg.cpp; sourceTree = "<group>"; };
		D764B3A623BA0CE5003BC78E /* Cpu.cpp */ = {isa = PBXFileReference; lastKnownFileType = sourcecode.cpp.cpp; path = Cpu.cpp; sourceTree = "<group>"; };
		D764B3A823BA4516003BC78E /* DoubleReg.cpp */ = {isa = PBXFileReference; lastKnownFileType = sourcecode.cpp.cpp; path = DoubleReg.cpp; sourceTree = "<group>"; };
		D774193823CCCB8F0083B567 /* Screen.cpp */ = {isa = PBXFileReference; lastKnownFileType = sourcecode.cpp.cpp; path = Screen.cpp; sourceTree = "<group>"; };
		D7B0690D23C503F8005EA547 /* exec_gate.cpp */ = {isa = PBXFileReference; lastKnownFileType = sourcecode.cpp.cpp; path = exec_gate.cpp; sourceTree = "<group>"; };
		D7B0690F23C5DE8E005EA547 /* istr_gate.cpp */ = {isa = PBXFileReference; lastKnownFileType = sourcecode.cpp.cpp; path = istr_gate.cpp; sourceTree = "<group>"; };
		D7E5258623CDFB0000156255 /* SDL2.framework */ = {isa = PBXFileReference; lastKnownFileType = wrapper.framework; name = SDL2.framework; path = ../../../../../../Library/Frameworks/SDL2.framework; sourceTree = "<group>"; };
/* End PBXFileReference section */

/* Begin PBXFrameworksBuildPhase section */
		D764B39523B9239A003BC78E /* Frameworks */ = {
			isa = PBXFrameworksBuildPhase;
			buildActionMask = 2147483647;
			files = (
				D7E5258723CDFB0000156255 /* SDL2.framework in Frameworks */,
			);
			runOnlyForDeploymentPostprocessing = 0;
		};
/* End PBXFrameworksBuildPhase section */

/* Begin PBXGroup section */
		D764B38F23B9239A003BC78E = {
			isa = PBXGroup;
			children = (
				D764B39A23B9239A003BC78E /* chip9 */,
				D764B39923B9239A003BC78E /* Products */,
				D745D0FB23CDC604003B3707 /* README.md */,
				D7E5258523CDFB0000156255 /* Frameworks */,
			);
			sourceTree = "<group>";
		};
		D764B39923B9239A003BC78E /* Products */ = {
			isa = PBXGroup;
			children = (
				D764B39823B9239A003BC78E /* chip9 */,
			);
			name = Products;
			sourceTree = "<group>";
		};
		D764B39A23B9239A003BC78E /* chip9 */ = {
			isa = PBXGroup;
			children = (
				D764B3A523BA0B92003BC78E /* cpu */,
				D764B39B23B9239A003BC78E /* main.cpp */,
			);
			path = chip9;
			sourceTree = "<group>";
		};
		D764B3A523BA0B92003BC78E /* cpu */ = {
			isa = PBXGroup;
			children = (
				D764B3A223B923D6003BC78E /* Reg.cpp */,
				D774193823CCCB8F0083B567 /* Screen.cpp */,
				D764B3A823BA4516003BC78E /* DoubleReg.cpp */,
				D745D10123CDCE2A003B3707 /* GScreen.cpp */,
				D745D10223CDCE2A003B3707 /* GScreen.hpp */,
				D764B3A623BA0CE5003BC78E /* Cpu.cpp */,
				D728A93B23BA6B5300E841AC /* Memory.cpp */,
				D760F93523BF9339006B98BB /* Instruction.cpp */,
				D7B0690D23C503F8005EA547 /* exec_gate.cpp */,
				D7B0690F23C5DE8E005EA547 /* istr_gate.cpp */,
			);
			path = cpu;
			sourceTree = "<group>";
		};
		D7E5258523CDFB0000156255 /* Frameworks */ = {
			isa = PBXGroup;
			children = (
				D7E5258623CDFB0000156255 /* SDL2.framework */,
			);
			name = Frameworks;
			sourceTree = "<group>";
		};
/* End PBXGroup section */

/* Begin PBXNativeTarget section */
		D764B39723B9239A003BC78E /* chip9 */ = {
			isa = PBXNativeTarget;
			buildConfigurationList = D764B39F23B9239A003BC78E /* Build configuration list for PBXNativeTarget "chip9" */;
			buildPhases = (
				D764B39423B9239A003BC78E /* Sources */,
				D764B39523B9239A003BC78E /* Frameworks */,
				D764B39623B9239A003BC78E /* CopyFiles */,
				D7D904FF23CDE299003D831A /* Embed Frameworks */,
			);
			buildRules = (
			);
			dependencies = (
			);
			name = chip9;
			productName = chip9;
			productReference = D764B39823B9239A003BC78E /* chip9 */;
			productType = "com.apple.product-type.tool";
		};
/* End PBXNativeTarget section */

/* Begin PBXProject section */
		D764B39023B9239A003BC78E /* Project object */ = {
			isa = PBXProject;
			attributes = {
				LastUpgradeCheck = 1130;
				ORGANIZATIONNAME = "Matteo Zoia";
				TargetAttributes = {
					D764B39723B9239A003BC78E = {
						CreatedOnToolsVersion = 11.3;
					};
				};
			};
			buildConfigurationList = D764B39323B9239A003BC78E /* Build configuration list for PBXProject "chip9" */;
			compatibilityVersion = "Xcode 9.3";
			developmentRegion = en;
			hasScannedForEncodings = 0;
			knownRegions = (
				en,
				Base,
			);
			mainGroup = D764B38F23B9239A003BC78E;
			productRefGroup = D764B39923B9239A003BC78E /* Products */;
			projectDirPath = "";
			projectRoot = "";
			targets = (
				D764B39723B9239A003BC78E /* chip9 */,
			);
		};
/* End PBXProject section */

/* Begin PBXSourcesBuildPhase section */
		D764B39423B9239A003BC78E /* Sources */ = {
			isa = PBXSourcesBuildPhase;
			buildActionMask = 2147483647;
			files = (
				D7B0691023C5DE8E005EA547 /* istr_gate.cpp in Sources */,
				D764B3A723BA0CE5003BC78E /* Cpu.cpp in Sources */,
				D764B3A423B923D6003BC78E /* Reg.cpp in Sources */,
				D760F93623BF9339006B98BB /* Instruction.cpp in Sources */,
				D764B39C23B9239A003BC78E /* main.cpp in Sources */,
				D764B3A923BA4516003BC78E /* DoubleReg.cpp in Sources */,
				D728A93C23BA6B5300E841AC /* Memory.cpp in Sources */,
				D745D10323CDCE2A003B3707 /* GScreen.cpp in Sources */,
				D7B0690E23C503F8005EA547 /* exec_gate.cpp in Sources */,
				D774193923CCCB8F0083B567 /* Screen.cpp in Sources */,
			);
			runOnlyForDeploymentPostprocessing = 0;
		};
/* End PBXSourcesBuildPhase section */

/* Begin XCBuildConfiguration section */
		D764B39D23B9239A003BC78E /* Debug */ = {
			isa = XCBuildConfiguration;
			buildSettings = {
				ALWAYS_SEARCH_USER_PATHS = NO;
				CLANG_ANALYZER_NONNULL = YES;
				CLANG_ANALYZER_NUMBER_OBJECT_CONVERSION = YES_AGGRESSIVE;
				CLANG_CXX_LANGUAGE_STANDARD = "gnu++14";
				CLANG_CXX_LIBRARY = "libc++";
				CLANG_ENABLE_MODULES = YES;
				CLANG_ENABLE_OBJC_ARC = YES;
				CLANG_ENABLE_OBJC_WEAK = YES;
				CLANG_WARN_BLOCK_CAPTURE_AUTORELEASING = YES;
				CLANG_WARN_BOOL_CONVERSION = YES;
				CLANG_WARN_COMMA = YES;
				CLANG_WARN_CONSTANT_CONVERSION = YES;
				CLANG_WARN_DEPRECATED_OBJC_IMPLEMENTATIONS = YES;
				CLANG_WARN_DIRECT_OBJC_ISA_USAGE = YES_ERROR;
				CLANG_WARN_DOCUMENTATION_COMMENTS = YES;
				CLANG_WARN_EMPTY_BODY = YES;
				CLANG_WARN_ENUM_CONVERSION = YES;
				CLANG_WARN_INFINITE_RECURSION = YES;
				CLANG_WARN_INT_CONVERSION = YES;
				CLANG_WARN_NON_LITERAL_NULL_CONVERSION = YES;
				CLANG_WARN_OBJC_IMPLICIT_RETAIN_SELF = YES;
				CLANG_WARN_OBJC_LITERAL_CONVERSION = YES;
				CLANG_WARN_OBJC_ROOT_CLASS = YES_ERROR;
				CLANG_WARN_RANGE_LOOP_ANALYSIS = YES;
				CLANG_WARN_STRICT_PROTOTYPES = YES;
				CLANG_WARN_SUSPICIOUS_MOVE = YES;
				CLANG_WARN_UNGUARDED_AVAILABILITY = YES_AGGRESSIVE;
				CLANG_WARN_UNREACHABLE_CODE = YES;
				CLANG_WARN__DUPLICATE_METHOD_MATCH = YES;
				COPY_PHASE_STRIP = NO;
				DEBUG_INFORMATION_FORMAT = dwarf;
				ENABLE_STRICT_OBJC_MSGSEND = YES;
				ENABLE_TESTABILITY = YES;
				GCC_C_LANGUAGE_STANDARD = gnu11;
				GCC_DYNAMIC_NO_PIC = NO;
				GCC_NO_COMMON_BLOCKS = YES;
				GCC_OPTIMIZATION_LEVEL = 0;
				GCC_PREPROCESSOR_DEFINITIONS = (
					"DEBUG=1",
					"$(inherited)",
				);
				GCC_WARN_64_TO_32_BIT_CONVERSION = YES;
				GCC_WARN_ABOUT_RETURN_TYPE = YES_ERROR;
				GCC_WARN_UNDECLARED_SELECTOR = YES;
				GCC_WARN_UNINITIALIZED_AUTOS = YES_AGGRESSIVE;
				GCC_WARN_UNUSED_FUNCTION = YES;
				GCC_WARN_UNUSED_VARIABLE = YES;
				MACOSX_DEPLOYMENT_TARGET = 10.15;
				MTL_ENABLE_DEBUG_INFO = INCLUDE_SOURCE;
				MTL_FAST_MATH = YES;
				ONLY_ACTIVE_ARCH = YES;
				SDKROOT = macosx;
			};
			name = Debug;
		};
		D764B39E23B9239A003BC78E /* Release */ = {
			isa = XCBuildConfiguration;
			buildSettings = {
				ALWAYS_SEARCH_USER_PATHS = NO;
				CLANG_ANALYZER_NONNULL = YES;
				CLANG_ANALYZER_NUMBER_OBJECT_CONVERSION = YES_AGGRESSIVE;
				CLANG_CXX_LANGUAGE_STANDARD = "gnu++14";
				CLANG_CXX_LIBRARY = "libc++";
				CLANG_ENABLE_MODULES = YES;
				CLANG_ENABLE_OBJC_ARC = YES;
				CLANG_ENABLE_OBJC_WEAK = YES;
				CLANG_WARN_BLOCK_CAPTURE_AUTORELEASING = YES;
				CLANG_WARN_BOOL_CONVERSION = YES;
				CLANG_WARN_COMMA = YES;
				CLANG_WARN_CONSTANT_CONVERSION = YES;
				CLANG_WARN_DEPRECATED_OBJC_IMPLEMENTATIONS = YES;
				CLANG_WARN_DIRECT_OBJC_ISA_USAGE = YES_ERROR;
				CLANG_WARN_DOCUMENTATION_COMMENTS = YES;
				CLANG_WARN_EMPTY_BODY = YES;
				CLANG_WARN_ENUM_CONVERSION = YES;
				CLANG_WARN_INFINITE_RECURSION = YES;
				CLANG_WARN_INT_CONVERSION = YES;
				CLANG_WARN_NON_LITERAL_NULL_CONVERSION = YES;
				CLANG_WARN_OBJC_IMPLICIT_RETAIN_SELF = YES;
				CLANG_WARN_OBJC_LITERAL_CONVERSION = YES;
				CLANG_WARN_OBJC_ROOT_CLASS = YES_ERROR;
				CLANG_WARN_RANGE_LOOP_ANALYSIS = YES;
				CLANG_WARN_STRICT_PROTOTYPES = YES;
				CLANG_WARN_SUSPICIOUS_MOVE = YES;
				CLANG_WARN_UNGUARDED_AVAILABILITY = YES_AGGRESSIVE;
				CLANG_WARN_UNREACHABLE_CODE = YES;
				CLANG_WARN__DUPLICATE_METHOD_MATCH = YES;
				COPY_PHASE_STRIP = NO;
				DEBUG_INFORMATION_FORMAT = "dwarf-with-dsym";
				ENABLE_NS_ASSERTIONS = NO;
				ENABLE_STRICT_OBJC_MSGSEND = YES;
				GCC_C_LANGUAGE_STANDARD = gnu11;
				GCC_NO_COMMON_BLOCKS = YES;
				GCC_WARN_64_TO_32_BIT_CONVERSION = YES;
				GCC_WARN_ABOUT_RETURN_TYPE = YES_ERROR;
				GCC_WARN_UNDECLARED_SELECTOR = YES;
				GCC_WARN_UNINITIALIZED_AUTOS = YES_AGGRESSIVE;
				GCC_WARN_UNUSED_FUNCTION = YES;
				GCC_WARN_UNUSED_VARIABLE = YES;
				MACOSX_DEPLOYMENT_TARGET = 10.15;
				MTL_ENABLE_DEBUG_INFO = NO;
				MTL_FAST_MATH = YES;
				SDKROOT = macosx;
			};
			name = Release;
		};
		D764B3A023B9239A003BC78E /* Debug */ = {
			isa = XCBuildConfiguration;
			buildSettings = {
				CODE_SIGN_STYLE = Manual;
				DEVELOPMENT_TEAM = "";
				FRAMEWORK_SEARCH_PATHS = (
					"$(inherited)",
					"$(LOCAL_LIBRARY_DIR)/Frameworks",
				);
				PRODUCT_NAME = "$(TARGET_NAME)";
				PROVISIONING_PROFILE_SPECIFIER = "";
			};
			name = Debug;
		};
		D764B3A123B9239A003BC78E /* Release */ = {
			isa = XCBuildConfiguration;
			buildSettings = {
				CODE_SIGN_STYLE = Manual;
				DEVELOPMENT_TEAM = "";
				FRAMEWORK_SEARCH_PATHS = (
					"$(inherited)",
					"$(LOCAL_LIBRARY_DIR)/Frameworks",
				);
				PRODUCT_NAME = "$(TARGET_NAME)";
				PROVISIONING_PROFILE_SPECIFIER = "";
			};
			name = Release;
		};
/* End XCBuildConfiguration section */

/* Begin XCConfigurationList section */
		D764B39323B9239A003BC78E /* Build configuration list for PBXProject "chip9" */ = {
			isa = XCConfigurationList;
			buildConfigurations = (
				D764B39D23B9239A003BC78E /* Debug */,
				D764B39E23B9239A003BC78E /* Release */,
			);
			defaultConfigurationIsVisible = 0;
			defaultConfigurationName = Release;
		};
		D764B39F23B9239A003BC78E /* Build configuration list for PBXNativeTarget "chip9" */ = {
			isa = XCConfigurationList;
			buildConfigurations = (
				D764B3A023B9239A003BC78E /* Debug */,
				D764B3A123B9239A003BC78E /* Release */,
			);
			defaultConfigurationIsVisible = 0;
			defaultConfigurationName = Release;
		};
/* End XCConfigurationList section */
	};
	rootObject = D764B39023B9239A003BC78E /* Project object */;
}
